
Microsoft Visual Studio Solution File, Format Version 12.00
# Visual Studio Version 16
VisualStudioVersion = 16.0.29728.190
MinimumVisualStudioVersion = 10.0.40219.1
Project("{FAE04EC0-301F-11D3-BF4B-00C04F79EFBC}") = "SO_2_HDD_DriveSimulator", "SO_2_HDD_DriveSimulator.csproj", "{554AA387-C620-4D59-95E6-A16DD4F6F638}"
EndProject
Global
	GlobalSection(SolutionConfigurationPlatforms) = preSolution
		Debug|Any CPU = Debug|Any CPU
		Release|Any CPU = Release|Any CPU
	EndGlobalSection
	GlobalSection(ProjectConfigurationPlatforms) = postSolution
		{554AA387-C620-4D59-95E6-A16DD4F6F638}.Debug|Any CPU.ActiveCfg = Debug|Any CPU
		{554AA387-C620-4D59-95E6-A16DD4F6F638}.Debug|Any CPU.Build.0 = Debug|Any CPU
		{554AA387-C620-4D59-95E6-A16DD4F6F638}.Release|Any CPU.ActiveCfg = Release|Any CPU
		{554AA387-C620-4D59-95E6-A16DD4F6F638}.Release|Any CPU.Build.0 = Release|Any CPU
	EndGlobalSection
	GlobalSection(SolutionProperties) = preSolution
		HideSolutionNode = FALSE
	EndGlobalSection
	GlobalSection(ExtensibilityGlobals) = postSolution
		SolutionGuid = {2DA7D46D-87A8-4831-A2C9-8CA0E1E398B7}
	EndGlobalSection
EndGlobal
